
Microsoft Visual Studio Solution File, Format Version 12.00
# Visual Studio Version 17
VisualStudioVersion = 17.5.33627.172
MinimumVisualStudioVersion = 10.0.40219.1
Project("{FAE04EC0-301F-11D3-BF4B-00C04F79EFBC}") = "Appointments.App.Android", "Appointments.App.Android\Appointments.App.Android.csproj", "{D0FC1B41-FF45-47A9-82D6-97ABCCD94655}"
EndProject
Project("{FAE04EC0-301F-11D3-BF4B-00C04F79EFBC}") = "Appointments.App.iOS", "Appointments.App.iOS\Appointments.App.iOS.csproj", "{2F675A6C-6613-4FD5-A6D7-D4ECF3DB813E}"
EndProject
Project("{FAE04EC0-301F-11D3-BF4B-00C04F79EFBC}") = "Appointments.App", "Appointments.App\Appointments.App.csproj", "{B5FB548F-F824-4ECB-ADCE-268ACD42DB12}"
EndProject
Global
	GlobalSection(SolutionConfigurationPlatforms) = preSolution
		Debug|Any CPU = Debug|Any CPU
		Debug|iPhone = Debug|iPhone
		Debug|iPhoneSimulator = Debug|iPhoneSimulator
		Release|Any CPU = Release|Any CPU
		Release|iPhone = Release|iPhone
		Release|iPhoneSimulator = Release|iPhoneSimulator
	EndGlobalSection
	GlobalSection(ProjectConfigurationPlatforms) = postSolution
		{D0FC1B41-FF45-47A9-82D6-97ABCCD94655}.Debug|Any CPU.ActiveCfg = Debug|Any CPU
		{D0FC1B41-FF45-47A9-82D6-97ABCCD94655}.Debug|Any CPU.Build.0 = Debug|Any CPU
		{D0FC1B41-FF45-47A9-82D6-97ABCCD94655}.Debug|Any CPU.Deploy.0 = Debug|Any CPU
		{D0FC1B41-FF45-47A9-82D6-97ABCCD94655}.Debug|iPhone.ActiveCfg = Debug|Any CPU
		{D0FC1B41-FF45-47A9-82D6-97ABCCD94655}.Debug|iPhone.Build.0 = Debug|Any CPU
		{D0FC1B41-FF45-47A9-82D6-97ABCCD94655}.Debug|iPhone.Deploy.0 = Debug|Any CPU
		{D0FC1B41-FF45-47A9-82D6-97ABCCD94655}.Debug|iPhoneSimulator.ActiveCfg = Debug|Any CPU
		{D0FC1B41-FF45-47A9-82D6-97ABCCD94655}.Debug|iPhoneSimulator.Build.0 = Debug|Any CPU
		{D0FC1B41-FF45-47A9-82D6-97ABCCD94655}.Debug|iPhoneSimulator.Deploy.0 = Debug|Any CPU
		{D0FC1B41-FF45-47A9-82D6-97ABCCD94655}.Release|Any CPU.ActiveCfg = Release|Any CPU
		{D0FC1B41-FF45-47A9-82D6-97ABCCD94655}.Release|Any CPU.Build.0 = Release|Any CPU
		{D0FC1B41-FF45-47A9-82D6-97ABCCD94655}.Release|Any CPU.Deploy.0 = Release|Any CPU
		{D0FC1B41-FF45-47A9-82D6-97ABCCD94655}.Release|iPhone.ActiveCfg = Release|Any CPU
		{D0FC1B41-FF45-47A9-82D6-97ABCCD94655}.Release|iPhone.Build.0 = Release|Any CPU
		{D0FC1B41-FF45-47A9-82D6-97ABCCD94655}.Release|iPhone.Deploy.0 = Release|Any CPU
		{D0FC1B41-FF45-47A9-82D6-97ABCCD94655}.Release|iPhoneSimulator.ActiveCfg = Release|Any CPU
		{D0FC1B41-FF45-47A9-82D6-97ABCCD94655}.Release|iPhoneSimulator.Build.0 = Release|Any CPU
		{D0FC1B41-FF45-47A9-82D6-97ABCCD94655}.Release|iPhoneSimulator.Deploy.0 = Release|Any CPU
		{2F675A6C-6613-4FD5-A6D7-D4ECF3DB813E}.Debug|Any CPU.ActiveCfg = Debug|iPhone
		{2F675A6C-6613-4FD5-A6D7-D4ECF3DB813E}.Debug|Any CPU.Build.0 = Debug|iPhone
		{2F675A6C-6613-4FD5-A6D7-D4ECF3DB813E}.Debug|Any CPU.Deploy.0 = Debug|iPhone
		{2F675A6C-6613-4FD5-A6D7-D4ECF3DB813E}.Debug|iPhone.ActiveCfg = Debug|iPhone
		{2F675A6C-6613-4FD5-A6D7-D4ECF3DB813E}.Debug|iPhone.Build.0 = Debug|iPhone
		{2F675A6C-6613-4FD5-A6D7-D4ECF3DB813E}.Debug|iPhone.Deploy.0 = Debug|iPhone
		{2F675A6C-6613-4FD5-A6D7-D4ECF3DB813E}.Debug|iPhoneSimulator.ActiveCfg = Debug|iPhoneSimulator
		{2F675A6C-6613-4FD5-A6D7-D4ECF3DB813E}.Debug|iPhoneSimulator.Build.0 = Debug|iPhoneSimulator
		{2F675A6C-6613-4FD5-A6D7-D4ECF3DB813E}.Debug|iPhoneSimulator.Deploy.0 = Debug|iPhoneSimulator
		{2F675A6C-6613-4FD5-A6D7-D4ECF3DB813E}.Release|Any CPU.ActiveCfg = Release|iPhoneSimulator
		{2F675A6C-6613-4FD5-A6D7-D4ECF3DB813E}.Release|Any CPU.Build.0 = Release|iPhoneSimulator
		{2F675A6C-6613-4FD5-A6D7-D4ECF3DB813E}.Release|Any CPU.Deploy.0 = Release|iPhoneSimulator
		{2F675A6C-6613-4FD5-A6D7-D4ECF3DB813E}.Release|iPhone.ActiveCfg = Release|iPhone
		{2F675A6C-6613-4FD5-A6D7-D4ECF3DB813E}.Release|iPhone.Build.0 = Release|iPhone
		{2F675A6C-6613-4FD5-A6D7-D4ECF3DB813E}.Release|iPhone.Deploy.0 = Release|iPhone
		{2F675A6C-6613-4FD5-A6D7-D4ECF3DB813E}.Release|iPhoneSimulator.ActiveCfg = Release|iPhoneSimulator
		{2F675A6C-6613-4FD5-A6D7-D4ECF3DB813E}.Release|iPhoneSimulator.Build.0 = Release|iPhoneSimulator
		{2F675A6C-6613-4FD5-A6D7-D4ECF3DB813E}.Release|iPhoneSimulator.Deploy.0 = Release|iPhoneSimulator
		{B5FB548F-F824-4ECB-ADCE-268ACD42DB12}.Debug|Any CPU.ActiveCfg = Debug|Any CPU
		{B5FB548F-F824-4ECB-ADCE-268ACD42DB12}.Debug|Any CPU.Build.0 = Debug|Any CPU
		{B5FB548F-F824-4ECB-ADCE-268ACD42DB12}.Debug|Any CPU.Deploy.0 = Debug|Any CPU
		{B5FB548F-F824-4ECB-ADCE-268ACD42DB12}.Debug|iPhone.ActiveCfg = Debug|Any CPU
		{B5FB548F-F824-4ECB-ADCE-268ACD42DB12}.Debug|iPhone.Build.0 = Debug|Any CPU
		{B5FB548F-F824-4ECB-ADCE-268ACD42DB12}.Debug|iPhone.Deploy.0 = Debug|Any CPU
		{B5FB548F-F824-4ECB-ADCE-268ACD42DB12}.Debug|iPhoneSimulator.ActiveCfg = Debug|Any CPU
		{B5FB548F-F824-4ECB-ADCE-268ACD42DB12}.Debug|iPhoneSimulator.Build.0 = Debug|Any CPU
		{B5FB548F-F824-4ECB-ADCE-268ACD42DB12}.Debug|iPhoneSimulator.Deploy.0 = Debug|Any CPU
		{B5FB548F-F824-4ECB-ADCE-268ACD42DB12}.Release|Any CPU.ActiveCfg = Release|Any CPU
		{B5FB548F-F824-4ECB-ADCE-268ACD42DB12}.Release|Any CPU.Build.0 = Release|Any CPU
		{B5FB548F-F824-4ECB-ADCE-268ACD42DB12}.Release|Any CPU.Deploy.0 = Release|Any CPU
		{B5FB548F-F824-4ECB-ADCE-268ACD42DB12}.Release|iPhone.ActiveCfg = Release|Any CPU
		{B5FB548F-F824-4ECB-ADCE-268ACD42DB12}.Release|iPhone.Build.0 = Release|Any CPU
		{B5FB548F-F824-4ECB-ADCE-268ACD42DB12}.Release|iPhone.Deploy.0 = Release|Any CPU
		{B5FB548F-F824-4ECB-ADCE-268ACD42DB12}.Release|iPhoneSimulator.ActiveCfg = Release|Any CPU
		{B5FB548F-F824-4ECB-ADCE-268ACD42DB12}.Release|iPhoneSimulator.Build.0 = Release|Any CPU
		{B5FB548F-F824-4ECB-ADCE-268ACD42DB12}.Release|iPhoneSimulator.Deploy.0 = Release|Any CPU
	EndGlobalSection
	GlobalSection(SolutionProperties) = preSolution
		HideSolutionNode = FALSE
	EndGlobalSection
	GlobalSection(ExtensibilityGlobals) = postSolution
		SolutionGuid = {40774F0A-C19C-4969-829A-6C4C90B848F1}
	EndGlobalSection
EndGlobal
